dependencies:
- name: frontend-service
  repository: file://../frontend-service
  version: 2.0.0
- name: backend-service
  repository: file://../backend-service
  version: 2.0.0
- name: db-service
  repository: file://../db-service
  version: 2.0.1
- name: redis-service
  repository: file://../redis-service
  version: 2.0.0
- name: backup-service
  repository: file://../backup-service
  version: 2.0.0
digest: sha256:05a4201f125567f3dbb86efb54af6d0b3a79c6a207b2dd8f86e40a7b52b81797
generated: "2026-08-09T13:14:04.308918097+03:00"
