dependencies:
- name: frontend-service
  repository: file://../frontend-service
  version: 2.0.0
- name: backend-service
  repository: file://../backend-service
  version: 2.0.0
- name: db-service
  repository: file://../db-service
  version: 2.0.1
- name: redis-service
  repository: file://../redis-service
  version: 2.0.0
digest: sha256:6cf8b6ce50efc8c3ca581ba7de5b9963c65c7556a82211999517feb0ccebcdd5
generated: "2026-08-09T11:34:37.609086755+03:00"
